
Microsoft Visual Studio Solution File, Format Version 12.00
# Visual Studio Version 16
VisualStudioVersion = 16.0.30011.22
MinimumVisualStudioVersion = 10.0.40219.1
Project("{FAE04EC0-301F-11D3-BF4B-00C04F79EFBC}") = "SalesWebMvc", "SalesWebMvc\SalesWebMvc.csproj", "{08552346-2892-426E-9308-FB2720A9ECDA}"
EndProject
Global
	GlobalSection(SolutionConfigurationPlatforms) = preSolution
		Debug|Any CPU = Debug|Any CPU
		Release|Any CPU = Release|Any CPU
	EndGlobalSection
	GlobalSection(ProjectConfigurationPlatforms) = postSolution
		{08552346-2892-426E-9308-FB2720A9ECDA}.Debug|Any CPU.ActiveCfg = Debug|Any CPU
		{08552346-2892-426E-9308-FB2720A9ECDA}.Debug|Any CPU.Build.0 = Debug|Any CPU
		{08552346-2892-426E-9308-FB2720A9ECDA}.Release|Any CPU.ActiveCfg = Release|Any CPU
		{08552346-2892-426E-9308-FB2720A9ECDA}.Release|Any CPU.Build.0 = Release|Any CPU
	EndGlobalSection
	GlobalSection(SolutionProperties) = preSolution
		HideSolutionNode = FALSE
	EndGlobalSection
	GlobalSection(ExtensibilityGlobals) = postSolution
		SolutionGuid = {FF90B512-8606-43A3-B5F7-AD65788501EA}
	EndGlobalSection
EndGlobal
